// !$*UTF8*$!
{
	archiveVersion = 1;
	classes = {
	};
	objectVersion = 56;
	objects = {

/* Begin PBXBuildFile section */
		AA000001000000000000001 /* Models.swift in Sources */ = {isa = PBXBuildFile; fileRef = AA100001000000000000001 /* Models.swift */; };
		AA000001000000000000002 /* Models.swift in Sources */ = {isa = PBXBuildFile; fileRef = AA100001000000000000001 /* Models.swift */; };
		AA000001000000000000003 /* Provider.swift in Sources */ = {isa = PBXBuildFile; fileRef = AA100001000000000000002 /* Provider.swift */; };
		AA000001000000000000004 /* WidgetView.swift in Sources */ = {isa = PBXBuildFile; fileRef = AA100001000000000000003 /* WidgetView.swift */; };
		AA000001000000000000005 /* ytAnalyticsWidget.swift in Sources */ = {isa = PBXBuildFile; fileRef = AA100001000000000000004 /* ytAnalyticsWidget.swift */; };
		AA000001000000000000006 /* ytAnalyticsApp.swift in Sources */ = {isa = PBXBuildFile; fileRef = AA100001000000000000005 /* ytAnalyticsApp.swift */; };
		AA000001000000000000007 /* AnalyticsViewModel.swift in Sources */ = {isa = PBXBuildFile; fileRef = AA100001000000000000006 /* AnalyticsViewModel.swift */; };
		AA000001000000000000008 /* MenuBarView.swift in Sources */ = {isa = PBXBuildFile; fileRef = AA100001000000000000007 /* MenuBarView.swift */; };
		AA000001000000000000009 /* Assets.xcassets in Resources */ = {isa = PBXBuildFile; fileRef = AA100001000000000000008 /* Assets.xcassets */; };
		AA000001000000000000010 /* Assets.xcassets in Resources */ = {isa = PBXBuildFile; fileRef = AA100001000000000000009 /* MenuBarAssets.xcassets */; };
		AA000001000000000000011 /* ytAnalyticsWidget.appex in Embed App Extensions */ = {isa = PBXBuildFile; fileRef = AA200001000000000000001 /* ytAnalyticsWidget.appex */; settings = {ATTRIBUTES = (RemoveHeadersOnCopy, ); }; };
/* End PBXBuildFile section */

/* Begin PBXFileReference section */
		AA100001000000000000001 /* Models.swift */ = {isa = PBXFileReference; lastKnownFileType = sourcecode.swift; path = "../widget/Models.swift"; sourceTree = "<group>"; };
		AA100001000000000000002 /* Provider.swift */ = {isa = PBXFileReference; lastKnownFileType = sourcecode.swift; path = "../widget/Provider.swift"; sourceTree = "<group>"; };
		AA100001000000000000003 /* WidgetView.swift */ = {isa = PBXFileReference; lastKnownFileType = sourcecode.swift; path = "../widget/WidgetView.swift"; sourceTree = "<group>"; };
		AA100001000000000000004 /* ytAnalyticsWidget.swift */ = {isa = PBXFileReference; lastKnownFileType = sourcecode.swift; path = "../widget/ytAnalyticsWidget.swift"; sourceTree = "<group>"; };
		AA100001000000000000005 /* ytAnalyticsApp.swift */ = {isa = PBXFileReference; lastKnownFileType = sourcecode.swift; path = "../menubar/ytAnalyticsApp.swift"; sourceTree = "<group>"; };
		AA100001000000000000006 /* AnalyticsViewModel.swift */ = {isa = PBXFileReference; lastKnownFileType = sourcecode.swift; path = "../menubar/AnalyticsViewModel.swift"; sourceTree = "<group>"; };
		AA100001000000000000007 /* MenuBarView.swift */ = {isa = PBXFileReference; lastKnownFileType = sourcecode.swift; path = "../menubar/MenuBarView.swift"; sourceTree = "<group>"; };
		AA100001000000000000008 /* Assets.xcassets */ = {isa = PBXFileReference; lastKnownFileType = folder.assetcatalog; path = "ytAnalyticsWidget/Assets.xcassets"; sourceTree = "<group>"; };
		AA100001000000000000009 /* MenuBarAssets.xcassets */ = {isa = PBXFileReference; lastKnownFileType = folder.assetcatalog; path = "ytAnalyticsMenuBar/Assets.xcassets"; sourceTree = "<group>"; };
		AA100001000000000000010 /* Info.plist */ = {isa = PBXFileReference; lastKnownFileType = text.plist.xml; path = "ytAnalyticsWidget/Info.plist"; sourceTree = "<group>"; };
		AA200001000000000000001 /* ytAnalyticsWidget.appex */ = {isa = PBXFileReference; explicitFileType = "wrapper.app-extension"; includeInIndex = 0; path = ytAnalyticsWidget.appex; sourceTree = BUILT_PRODUCTS_DIR; };
		AA200001000000000000002 /* ytAnalyticsMenuBar.app */ = {isa = PBXFileReference; explicitFileType = wrapper.application; includeInIndex = 0; path = ytAnalyticsMenuBar.app; sourceTree = BUILT_PRODUCTS_DIR; };
/* End PBXFileReference section */

/* Begin PBXGroup section */
		AA300001000000000000001 /* Products */ = {
			isa = PBXGroup;
			children = (
				AA200001000000000000001 /* ytAnalyticsWidget.appex */,
				AA200001000000000000002 /* ytAnalyticsMenuBar.app */,
			);
			name = Products;
			sourceTree = "<group>";
		};
		AA300001000000000000002 /* Widget Sources */ = {
			isa = PBXGroup;
			children = (
				AA100001000000000000001 /* Models.swift */,
				AA100001000000000000002 /* Provider.swift */,
				AA100001000000000000003 /* WidgetView.swift */,
				AA100001000000000000004 /* ytAnalyticsWidget.swift */,
				AA100001000000000000008 /* Assets.xcassets */,
				AA100001000000000000010 /* Info.plist */,
			);
			name = "Widget Sources";
			sourceTree = "<group>";
		};
		AA300001000000000000003 /* MenuBar Sources */ = {
			isa = PBXGroup;
			children = (
				AA100001000000000000001 /* Models.swift */,
				AA100001000000000000005 /* ytAnalyticsApp.swift */,
				AA100001000000000000006 /* AnalyticsViewModel.swift */,
				AA100001000000000000007 /* MenuBarView.swift */,
				AA100001000000000000009 /* MenuBarAssets.xcassets */,
			);
			name = "Menu Bar Sources";
			sourceTree = "<group>";
		};
		AA300001000000000000000 = {
			isa = PBXGroup;
			children = (
				AA300001000000000000002 /* Widget Sources */,
				AA300001000000000000003 /* MenuBar Sources */,
				AA300001000000000000001 /* Products */,
			);
			sourceTree = "<group>";
		};
/* End PBXGroup section */

/* Begin PBXNativeTarget section */
		AA400001000000000000001 /* ytAnalyticsWidget */ = {
			isa = PBXNativeTarget;
			buildConfigurationList = AA500001000000000000001 /* Build configuration list for PBXNativeTarget "ytAnalyticsWidget" */;
			buildPhases = (
				AA600001000000000000001 /* Sources */,
				AA600001000000000000002 /* Resources */,
			);
			buildRules = ();
			dependencies = ();
			name = ytAnalyticsWidget;
			productName = ytAnalyticsWidget;
			productReference = AA200001000000000000001 /* ytAnalyticsWidget.appex */;
			productType = "com.apple.product-type.app-extension";
		};
		AA400001000000000000002 /* ytAnalyticsMenuBar */ = {
			isa = PBXNativeTarget;
			buildConfigurationList = AA500001000000000000002 /* Build configuration list for PBXNativeTarget "ytAnalyticsMenuBar" */;
			buildPhases = (
				AA600001000000000000003 /* Sources */,
				AA600001000000000000004 /* Resources */,
				AA600001000000000000005 /* Embed App Extensions */,
			);
			buildRules = ();
			dependencies = (
				AADEP000000000000000001 /* PBXTargetDependency */,
			);
			name = ytAnalyticsMenuBar;
			productName = ytAnalyticsMenuBar;
			productReference = AA200001000000000000002 /* ytAnalyticsMenuBar.app */;
			productType = "com.apple.product-type.application";
		};
/* End PBXNativeTarget section */

/* Begin PBXProject section */
		AA700001000000000000001 /* Project object */ = {
			isa = PBXProject;
			attributes = {
				BuildIndependentTargetsInParallel = 1;
				LastSwiftUpdateCheck = 1540;
				LastUpgradeCheck = 1540;
				TargetAttributes = {
					AA400001000000000000001 = {
						CreatedOnToolsVersion = 15.4;
					};
					AA400001000000000000002 = {
						CreatedOnToolsVersion = 15.4;
					};
				};
			};
			buildConfigurationList = AA500001000000000000000 /* Build configuration list for PBXProject "ytAnalytics" */;
			compatibilityVersion = "Xcode 14.0";
			developmentRegion = en;
			hasScannedForEncodings = 0;
			knownRegions = (
				en,
				Base,
			);
			mainGroup = AA300001000000000000000;
			productRefGroup = AA300001000000000000001 /* Products */;
			projectDirPath = "";
			projectRoot = "";
			targets = (
				AA400001000000000000001 /* ytAnalyticsWidget */,
				AA400001000000000000002 /* ytAnalyticsMenuBar */,
			);
		};
/* End PBXProject section */

/* Begin PBXSourcesBuildPhase section */
		AA600001000000000000001 /* Sources */ = {
			isa = PBXSourcesBuildPhase;
			buildActionMask = 2147483647;
			files = (
				AA000001000000000000001 /* Models.swift in Sources */,
				AA000001000000000000003 /* Provider.swift in Sources */,
				AA000001000000000000004 /* WidgetView.swift in Sources */,
				AA000001000000000000005 /* ytAnalyticsWidget.swift in Sources */,
			);
			runOnlyForDeploymentPostprocessing = 0;
		};
		AA600001000000000000002 /* Resources */ = {
			isa = PBXResourcesBuildPhase;
			buildActionMask = 2147483647;
			files = (
				AA000001000000000000009 /* Assets.xcassets in Resources */,
			);
			runOnlyForDeploymentPostprocessing = 0;
		};
		AA600001000000000000003 /* Sources */ = {
			isa = PBXSourcesBuildPhase;
			buildActionMask = 2147483647;
			files = (
				AA000001000000000000002 /* Models.swift in Sources */,
				AA000001000000000000006 /* ytAnalyticsApp.swift in Sources */,
				AA000001000000000000007 /* AnalyticsViewModel.swift in Sources */,
				AA000001000000000000008 /* MenuBarView.swift in Sources */,
			);
			runOnlyForDeploymentPostprocessing = 0;
		};
		AA600001000000000000004 /* Resources */ = {
			isa = PBXResourcesBuildPhase;
			buildActionMask = 2147483647;
			files = (
				AA000001000000000000010 /* Assets.xcassets in Resources */,
			);
			runOnlyForDeploymentPostprocessing = 0;
		};
/* End PBXSourcesBuildPhase section */

/* Begin PBXCopyFilesBuildPhase section */
		AA600001000000000000005 /* Embed App Extensions */ = {
			isa = PBXCopyFilesBuildPhase;
			buildActionMask = 2147483647;
			dstPath = "";
			dstSubfolderSpec = 13;
			files = (
				AA000001000000000000011 /* ytAnalyticsWidget.appex in Embed App Extensions */,
			);
			name = "Embed App Extensions";
			runOnlyForDeploymentPostprocessing = 0;
		};
/* End PBXCopyFilesBuildPhase section */

/* Begin PBXContainerItemProxy section */
		AAPROXY00000000000000001 /* PBXContainerItemProxy */ = {
			isa = PBXContainerItemProxy;
			containerPortal = AA700001000000000000001 /* Project object */;
			proxyType = 1;
			remoteGlobalIDString = AA400001000000000000001;
			remoteInfo = ytAnalyticsWidget;
		};
/* End PBXContainerItemProxy section */

/* Begin PBXTargetDependency section */
		AADEP000000000000000001 /* PBXTargetDependency */ = {
			isa = PBXTargetDependency;
			target = AA400001000000000000001 /* ytAnalyticsWidget */;
			targetProxy = AAPROXY00000000000000001 /* PBXContainerItemProxy */;
		};
/* End PBXTargetDependency section */

/* Begin XCBuildConfiguration section */
		AA800001000000000000001 /* Debug - Project */ = {
			isa = XCBuildConfiguration;
			buildSettings = {
				ALWAYS_SEARCH_USER_PATHS = NO;
				CLANG_ANALYZER_NONNULL = YES;
				CLANG_ANALYZER_NUMBER_OBJECT_CONVERSION = YES_AGGRESSIVE;
				CLANG_CXX_LANGUAGE_STANDARD = "gnu++20";
				CLANG_ENABLE_MODULES = YES;
				CLANG_ENABLE_OBJC_ARC = YES;
				CLANG_ENABLE_OBJC_WEAK = YES;
				CLANG_WARN_BLOCK_CAPTURE_AUTORELEASING = YES;
				CLANG_WARN_BOOL_CONVERSION = YES;
				CLANG_WARN_COMMA = YES;
				CLANG_WARN_CONSTANT_CONVERSION = YES;
				CLANG_WARN_DEPRECATED_OBJC_IMPLEMENTATIONS = YES;
				CLANG_WARN_DIRECT_OBJC_ISA_USAGE = YES_ERROR;
				CLANG_WARN_DOCUMENTATION_COMMENTS = YES;
				CLANG_WARN_EMPTY_BODY = YES;
				CLANG_WARN_ENUM_CONVERSION = YES;
				CLANG_WARN_INFINITE_RECURSION = YES;
				CLANG_WARN_INT_CONVERSION = YES;
				CLANG_WARN_NON_LITERAL_NULL_CONVERSION = YES;
				CLANG_WARN_OBJC_IMPLICIT_RETAIN_SELF = YES;
				CLANG_WARN_OBJC_LITERAL_CONVERSION = YES;
				CLANG_WARN_OBJC_ROOT_CLASS = YES_ERROR;
				CLANG_WARN_QUOTED_INCLUDE_IN_FRAMEWORK_HEADER = YES;
				CLANG_WARN_RANGE_LOOP_ANALYSIS = YES;
				CLANG_WARN_STRICT_PROTOTYPES = YES;
				CLANG_WARN_SUSPICIOUS_MOVE = YES;
				CLANG_WARN_UNGUARDED_AVAILABILITY = YES_AGGRESSIVE;
				CLANG_WARN_UNREACHABLE_CODE = YES;
				CLANG_WARN__DUPLICATE_METHOD_MATCH = YES;
				COPY_PHASE_STRIP = NO;
				DEBUG_INFORMATION_FORMAT = dwarf;
				ENABLE_STRICT_OBJC_MSGSEND = YES;
				ENABLE_TESTABILITY = YES;
				GCC_C_LANGUAGE_STANDARD = gnu17;
				GCC_DYNAMIC_NO_PIC = NO;
				GCC_NO_COMMON_BLOCKS = YES;
				GCC_OPTIMIZATION_LEVEL = 0;
				GCC_PREPROCESSOR_DEFINITIONS = (
					"DEBUG=1",
					"$(inherited)",
				);
				GCC_WARN_64_TO_32_BIT_CONVERSION = YES;
				GCC_WARN_ABOUT_RETURN_TYPE = YES_ERROR;
				GCC_WARN_UNDECLARED_SELECTOR = YES;
				GCC_WARN_UNINITIALIZED_AUTOS = YES_AGGRESSIVE;
				GCC_WARN_UNUSED_FUNCTION = YES;
				GCC_WARN_UNUSED_VARIABLE = YES;
				MACOSX_DEPLOYMENT_TARGET = 14.0;
				MTL_ENABLE_DEBUG_INFO = INCLUDE_SOURCE;
				MTL_FAST_MATH = YES;
				ONLY_ACTIVE_ARCH = YES;
				SDKROOT = macosx;
				SWIFT_ACTIVE_COMPILATION_CONDITIONS = DEBUG;
				SWIFT_OPTIMIZATION_LEVEL = "-Onone";
			};
			name = Debug;
		};
		AA800001000000000000002 /* Release - Project */ = {
			isa = XCBuildConfiguration;
			buildSettings = {
				ALWAYS_SEARCH_USER_PATHS = NO;
				CLANG_ANALYZER_NONNULL = YES;
				CLANG_CXX_LANGUAGE_STANDARD = "gnu++20";
				CLANG_ENABLE_MODULES = YES;
				CLANG_ENABLE_OBJC_ARC = YES;
				COPY_PHASE_STRIP = NO;
				DEBUG_INFORMATION_FORMAT = "dwarf-with-dsym";
				ENABLE_NS_ASSERTIONS = NO;
				ENABLE_STRICT_OBJC_MSGSEND = YES;
				GCC_C_LANGUAGE_STANDARD = gnu17;
				GCC_NO_COMMON_BLOCKS = YES;
				GCC_WARN_64_TO_32_BIT_CONVERSION = YES;
				GCC_WARN_ABOUT_RETURN_TYPE = YES_ERROR;
				GCC_WARN_UNINITIALIZED_AUTOS = YES_AGGRESSIVE;
				GCC_WARN_UNUSED_FUNCTION = YES;
				GCC_WARN_UNUSED_VARIABLE = YES;
				MACOSX_DEPLOYMENT_TARGET = 14.0;
				MTL_FAST_MATH = YES;
				SDKROOT = macosx;
				SWIFT_COMPILATION_MODE = wholemodule;
				SWIFT_OPTIMIZATION_LEVEL = "-O";
			};
			name = Release;
		};
		AA800001000000000000003 /* Debug - Widget */ = {
			isa = XCBuildConfiguration;
			buildSettings = {
				ASSETCATALOG_COMPILER_GLOBAL_ACCENT_COLOR_NAME = AccentColor;
				ASSETCATALOG_COMPILER_WIDGET_BACKGROUND_COLOR_NAME = WidgetBackground;
				CODE_SIGN_STYLE = Automatic;
				CURRENT_PROJECT_VERSION = 1;
				GENERATE_INFOPLIST_FILE = NO;
				INFOPLIST_FILE = "ytAnalyticsWidget/Info.plist";
				LD_RUNPATH_SEARCH_PATHS = (
					"$(inherited)",
					"@executable_path/../Frameworks",
					"@executable_path/../../../../Frameworks",
				);
				MARKETING_VERSION = 1.0;
				PRODUCT_BUNDLE_IDENTIFIER = com.ytanalytics.menubar.widget;
				PRODUCT_NAME = ytAnalyticsWidget;
				SKIP_INSTALL = YES;
				SWIFT_EMIT_LOC_STRINGS = YES;
				SWIFT_VERSION = 5.0;
			};
			name = Debug;
		};
		AA800001000000000000004 /* Release - Widget */ = {
			isa = XCBuildConfiguration;
			buildSettings = {
				ASSETCATALOG_COMPILER_GLOBAL_ACCENT_COLOR_NAME = AccentColor;
				ASSETCATALOG_COMPILER_WIDGET_BACKGROUND_COLOR_NAME = WidgetBackground;
				CODE_SIGN_STYLE = Automatic;
				CURRENT_PROJECT_VERSION = 1;
				GENERATE_INFOPLIST_FILE = NO;
				INFOPLIST_FILE = "ytAnalyticsWidget/Info.plist";
				LD_RUNPATH_SEARCH_PATHS = (
					"$(inherited)",
					"@executable_path/../Frameworks",
					"@executable_path/../../../../Frameworks",
				);
				MARKETING_VERSION = 1.0;
				PRODUCT_BUNDLE_IDENTIFIER = com.ytanalytics.menubar.widget;
				PRODUCT_NAME = ytAnalyticsWidget;
				SKIP_INSTALL = YES;
				SWIFT_EMIT_LOC_STRINGS = YES;
				SWIFT_VERSION = 5.0;
			};
			name = Release;
		};
		AA800001000000000000005 /* Debug - MenuBar */ = {
			isa = XCBuildConfiguration;
			buildSettings = {
				ASSETCATALOG_COMPILER_APPICON_NAME = AppIcon;
				CODE_SIGN_ENTITLEMENTS = "ytAnalyticsMenuBar/ytAnalyticsMenuBar.entitlements";
				CODE_SIGN_STYLE = Automatic;
				COMBINE_HIDPI_IMAGES = YES;
				CURRENT_PROJECT_VERSION = 1;
				GENERATE_INFOPLIST_FILE = YES;
				INFOPLIST_KEY_LSUIElement = YES;
				INFOPLIST_KEY_NSHumanReadableCopyright = "";
				INFOPLIST_KEY_NSPrincipalClass = NSApplication;
				LD_RUNPATH_SEARCH_PATHS = (
					"$(inherited)",
					"@executable_path/../Frameworks",
				);
				MARKETING_VERSION = 1.0;
				PRODUCT_BUNDLE_IDENTIFIER = com.ytanalytics.menubar;
				PRODUCT_NAME = ytAnalyticsMenuBar;
				SWIFT_EMIT_LOC_STRINGS = YES;
				SWIFT_VERSION = 5.0;
			};
			name = Debug;
		};
		AA800001000000000000006 /* Release - MenuBar */ = {
			isa = XCBuildConfiguration;
			buildSettings = {
				ASSETCATALOG_COMPILER_APPICON_NAME = AppIcon;
				CODE_SIGN_ENTITLEMENTS = "ytAnalyticsMenuBar/ytAnalyticsMenuBar.entitlements";
				CODE_SIGN_STYLE = Automatic;
				COMBINE_HIDPI_IMAGES = YES;
				CURRENT_PROJECT_VERSION = 1;
				GENERATE_INFOPLIST_FILE = YES;
				INFOPLIST_KEY_LSUIElement = YES;
				INFOPLIST_KEY_NSHumanReadableCopyright = "";
				INFOPLIST_KEY_NSPrincipalClass = NSApplication;
				LD_RUNPATH_SEARCH_PATHS = (
					"$(inherited)",
					"@executable_path/../Frameworks",
				);
				MARKETING_VERSION = 1.0;
				PRODUCT_BUNDLE_IDENTIFIER = com.ytanalytics.menubar;
				PRODUCT_NAME = ytAnalyticsMenuBar;
				SWIFT_EMIT_LOC_STRINGS = YES;
				SWIFT_VERSION = 5.0;
			};
			name = Release;
		};
/* End XCBuildConfiguration section */

/* Begin XCConfigurationList section */
		AA500001000000000000000 /* Build configuration list for PBXProject "ytAnalytics" */ = {
			isa = XCConfigurationList;
			buildConfigurations = (
				AA800001000000000000001 /* Debug */,
				AA800001000000000000002 /* Release */,
			);
			defaultConfigurationIsVisible = 0;
			defaultConfigurationName = Release;
		};
		AA500001000000000000001 /* Build configuration list for PBXNativeTarget "ytAnalyticsWidget" */ = {
			isa = XCConfigurationList;
			buildConfigurations = (
				AA800001000000000000003 /* Debug */,
				AA800001000000000000004 /* Release */,
			);
			defaultConfigurationIsVisible = 0;
			defaultConfigurationName = Release;
		};
		AA500001000000000000002 /* Build configuration list for PBXNativeTarget "ytAnalyticsMenuBar" */ = {
			isa = XCConfigurationList;
			buildConfigurations = (
				AA800001000000000000005 /* Debug */,
				AA800001000000000000006 /* Release */,
			);
			defaultConfigurationIsVisible = 0;
			defaultConfigurationName = Release;
		};
/* End XCConfigurationList section */

	};
	rootObject = AA700001000000000000001 /* Project object */;
}
